Microsoft Visual Studio Solution File, Format Version 12.00
# Visual Studio Version 17
VisualStudioVersion = 17.5.2.0
MinimumVisualStudioVersion = 10.0.40219.1
Project("{FAE04EC0-301F-11D3-BF4B-00C04F79EFBC}") = "DependencyInjectionExampleApp", "DependencyInjectionExampleApp.csproj", "{9AF95EC5-E0E1-8DA1-53B3-E088CA4439C2}"
EndProject
Global
	GlobalSection(SolutionConfigurationPlatforms) = preSolution
		Debug|Any CPU = Debug|Any CPU
		Release|Any CPU = Release|Any CPU
	EndGlobalSection
	GlobalSection(ProjectConfigurationPlatforms) = postSolution
		{9AF95EC5-E0E1-8DA1-53B3-E088CA4439C2}.Debug|Any CPU.ActiveCfg = Debug|Any CPU
		{9AF95EC5-E0E1-8DA1-53B3-E088CA4439C2}.Debug|Any CPU.Build.0 = Debug|Any CPU
		{9AF95EC5-E0E1-8DA1-53B3-E088CA4439C2}.Release|Any CPU.ActiveCfg = Release|Any CPU
		{9AF95EC5-E0E1-8DA1-53B3-E088CA4439C2}.Release|Any CPU.Build.0 = Release|Any CPU
	EndGlobalSection
	GlobalSection(SolutionProperties) = preSolution
		HideSolutionNode = FALSE
	EndGlobalSection
	GlobalSection(ExtensibilityGlobals) = postSolution
		SolutionGuid = {8E9D8BBA-1E0E-43BF-86FA-6E94C64B0E20}
	EndGlobalSection
EndGlobal
